// !$*UTF8*$!
{
	archiveVersion = 1;
	classes = {
	};
	objectVersion = 54;
	objects = {

/* Begin PBXBuildFile section */
		00E356F31AD99517003FC87E /* TuniTests.m in Sources */ = {isa = PBXBuildFile; fileRef = 00E356F21AD99517003FC87E /* TuniTests.m */; };
		0C80B921A6F3F58F76C31292 /* libPods-Tuni.a in Frameworks */ = {isa = PBXBuildFile; fileRef = 5DCACB8F33CDC322A6C60F78 /* libPods-Tuni.a */; };
		13B07FBC1A68108700A75B9A /* AppDelegate.mm in Sources */ = {isa = PBXBuildFile; fileRef = 13B07FB01A68108700A75B9A /* AppDelegate.mm */; };
		13B07FBF1A68108700A75B9A /* Images.xcassets in Resources */ = {isa = PBXBuildFile; fileRef = 13B07FB51A68108700A75B9A /* Images.xcassets */; };
		13B07FC11A68108700A75B9A /* main.m in Sources */ = {isa = PBXBuildFile; fileRef = 13B07FB71A68108700A75B9A /* main.m */; };
		7699B88040F8A987B510C191 /* libPods-Tuni-TuniTests.a in Frameworks */ = {isa = PBXBuildFile; fileRef = 19F6CBCC0A4E27FBF8BF4A61 /* libPods-Tuni-TuniTests.a */; };
		81AB9BB82411601600AC10FF /* LaunchScreen.storyboard in Resources */ = {isa = PBXBuildFile; fileRef = 81AB9BB72411601600AC10FF /* LaunchScreen.storyboard */; };
		BDD759CF4CD741539853B00C /* ITC Bauhaus Medium.otf in Resources */ = {isa = PBXBuildFile; fileRef = CA3B88C33A9644259ACB6E1F /* ITC Bauhaus Medium.otf */; };
		66DF81F786514949B19B74C1 /* BauhausStd-Bold.ttf in Resources */ = {isa = PBXBuildFile; fileRef = 781883534BD944159AA3CCF4 /* BauhausStd-Bold.ttf */; };
		0C05DD5013B7431D94265820 /* BauhausStd-Demi.ttf in Resources */ = {isa = PBXBuildFile; fileRef = 1FD122E35CCC4D60A6967718 /* BauhausStd-Demi.ttf */; };
		E0302DB06AAC456780CA51B1 /* BauhausStd-Heavy.ttf in Resources */ = {isa = PBXBuildFile; fileRef = 4D21EFFF1FB44DB181D1A0E4 /* BauhausStd-Heavy.ttf */; };
		E936839F97A54A8B938EBED3 /* BauhausStd-Light.ttf in Resources */ = {isa = PBXBuildFile; fileRef = 7650B2AFBBCC4221964A4777 /* BauhausStd-Light.ttf */; };
		D27DA38492C34AA88B4CEEC5 /* BauhausStd-Medium.ttf in Resources */ = {isa = PBXBuildFile; fileRef = 078AFDE952B241DD8E1FCD59 /* BauhausStd-Medium.ttf */; };
		FC5410F3D6EE4EE88C76EDA0 /* BauhausStd-Bold.eot in Resources */ = {isa = PBXBuildFile; fileRef = 5E343977E0704C7EB2709C72 /* BauhausStd-Bold.eot */; };
		FBCB93DC52A24EB5A94DA9C4 /* BauhausStd-Bold.woff in Resources */ = {isa = PBXBuildFile; fileRef = 05CB87DBCDAD47679F17F5FD /* BauhausStd-Bold.woff */; };
		C94F332600D54E67880B85FF /* BauhausStd-Bold.woff2 in Resources */ = {isa = PBXBuildFile; fileRef = BA308D817EBB4CDEB24B7024 /* BauhausStd-Bold.woff2 */; };
		63DFD27CA5034917B195F9F7 /* BauhausStd-Demi.eot in Resources */ = {isa = PBXBuildFile; fileRef = 55A45197026D42FCACD7D707 /* BauhausStd-Demi.eot */; };
		500EAA55854D4E77945899E6 /* BauhausStd-Demi.woff in Resources */ = {isa = PBXBuildFile; fileRef = B15854CFE94041C0B40844E8 /* BauhausStd-Demi.woff */; };
		1415266E08144685BBEA944F /* BauhausStd-Demi.woff2 in Resources */ = {isa = PBXBuildFile; fileRef = E178FB2C32F64AC5B97D024E /* BauhausStd-Demi.woff2 */; };
		5F135E39B6244B3B995627C7 /* BauhausStd-Heavy.eot in Resources */ = {isa = PBXBuildFile; fileRef = 04D96918D6AA46ADBBD1CC4F /* BauhausStd-Heavy.eot */; };
		BFE220B87F214E17A823B7AA /* BauhausStd-Heavy.woff in Resources */ = {isa = PBXBuildFile; fileRef = 610C0B6B2DB74A14A029365E /* BauhausStd-Heavy.woff */; };
		4AEE6FD0BA8146A186382504 /* BauhausStd-Heavy.woff2 in Resources */ = {isa = PBXBuildFile; fileRef = 3CD560AF212446799C863798 /* BauhausStd-Heavy.woff2 */; };
		0557B54483B6444296348BBC /* BauhausStd-Light.eot in Resources */ = {isa = PBXBuildFile; fileRef = C896CF6436F246F69F0BD448 /* BauhausStd-Light.eot */; };
		F92376BD381E49A493D0020B /* BauhausStd-Light.woff in Resources */ = {isa = PBXBuildFile; fileRef = ACDE3EEDFD93496EB3E52CD5 /* BauhausStd-Light.woff */; };
		3F32C8BB31EF448988465702 /* BauhausStd-Light.woff2 in Resources */ = {isa = PBXBuildFile; fileRef = DAA60C3358444567970C11C4 /* BauhausStd-Light.woff2 */; };
		116E3B63BEF14961846EFC9C /* BauhausStd-Medium.eot in Resources */ = {isa = PBXBuildFile; fileRef = 58EE466DFF1041F6BEAA5480 /* BauhausStd-Medium.eot */; };
		2D1EC981FBE94D98A3EA53C1 /* BauhausStd-Medium.woff in Resources */ = {isa = PBXBuildFile; fileRef = 8CA948498A864C9986E2C6EE /* BauhausStd-Medium.woff */; };
		603889958B2C491FAA3A7514 /* BauhausStd-Medium.woff2 in Resources */ = {isa = PBXBuildFile; fileRef = 04CB78F2B5D74193BDCF90A5 /* BauhausStd-Medium.woff2 */; };
		306A1301C1D140D49BBB873D /* demo.html in Resources */ = {isa = PBXBuildFile; fileRef = 1249B22CC1124A23B257ED64 /* demo.html */; };
		AE1E162C3B814630A5E39944 /* readme.html in Resources */ = {isa = PBXBuildFile; fileRef = 90AC2D9BE7774D4291D771FC /* readme.html */; };
		805FDC2B4FCF48CC800322BC /* stylesheet.css in Resources */ = {isa = PBXBuildFile; fileRef = 7563B25D459B4ECF80979D1A /* stylesheet.css */; };
/* End PBXBuildFile section */

/* Begin PBXContainerItemProxy section */
		00E356F41AD99517003FC87E /* PBXContainerItemProxy */ = {
			isa = PBXContainerItemProxy;
			containerPortal = 83CBB9F71A601CBA00E9B192 /* Project object */;
			proxyType = 1;
			remoteGlobalIDString = 13B07F861A680F5B00A75B9A;
			remoteInfo = Tuni;
		};
/* End PBXContainerItemProxy section */

/* Begin PBXFileReference section */
		00E356EE1AD99517003FC87E /* TuniTests.xctest */ = {isa = PBXFileReference; explicitFileType = wrapper.cfbundle; includeInIndex = 0; path = TuniTests.xctest; sourceTree = BUILT_PRODUCTS_DIR; };
		00E356F11AD99517003FC87E /* Info.plist */ = {isa = PBXFileReference; lastKnownFileType = text.plist.xml; path = Info.plist; sourceTree = "<group>"; };
		00E356F21AD99517003FC87E /* TuniTests.m */ = {isa = PBXFileReference; lastKnownFileType = sourcecode.c.objc; path = TuniTests.m; sourceTree = "<group>"; };
		13B07F961A680F5B00A75B9A /* Tuni.app */ = {isa = PBXFileReference; explicitFileType = wrapper.application; includeInIndex = 0; path = Tuni.app; sourceTree = BUILT_PRODUCTS_DIR; };
		13B07FAF1A68108700A75B9A /* AppDelegate.h */ = {isa = PBXFileReference; fileEncoding = 4; lastKnownFileType = sourcecode.c.h; name = AppDelegate.h; path = Tuni/AppDelegate.h; sourceTree = "<group>"; };
		13B07FB01A68108700A75B9A /* AppDelegate.mm */ = {isa = PBXFileReference; fileEncoding = 4; lastKnownFileType = sourcecode.cpp.objcpp; name = AppDelegate.mm; path = Tuni/AppDelegate.mm; sourceTree = "<group>"; };
		13B07FB51A68108700A75B9A /* Images.xcassets */ = {isa = PBXFileReference; lastKnownFileType = folder.assetcatalog; name = Images.xcassets; path = Tuni/Images.xcassets; sourceTree = "<group>"; };
		13B07FB61A68108700A75B9A /* Info.plist */ = {isa = PBXFileReference; fileEncoding = 4; lastKnownFileType = text.plist.xml; name = Info.plist; path = Tuni/Info.plist; sourceTree = "<group>"; };
		13B07FB71A68108700A75B9A /* main.m */ = {isa = PBXFileReference; fileEncoding = 4; lastKnownFileType = sourcecode.c.objc; name = main.m; path = Tuni/main.m; sourceTree = "<group>"; };
		19F6CBCC0A4E27FBF8BF4A61 /* libPods-Tuni-TuniTests.a */ = {isa = PBXFileReference; explicitFileType = archive.ar; includeInIndex = 0; path = "libPods-Tuni-TuniTests.a"; sourceTree = BUILT_PRODUCTS_DIR; };
		3B4392A12AC88292D35C810B /* Pods-Tuni.debug.xcconfig */ = {isa = PBXFileReference; includeInIndex = 1; lastKnownFileType = text.xcconfig; name = "Pods-Tuni.debug.xcconfig"; path = "Target Support Files/Pods-Tuni/Pods-Tuni.debug.xcconfig"; sourceTree = "<group>"; };
		5709B34CF0A7D63546082F79 /* Pods-Tuni.release.xcconfig */ = {isa = PBXFileReference; includeInIndex = 1; lastKnownFileType = text.xcconfig; name = "Pods-Tuni.release.xcconfig"; path = "Target Support Files/Pods-Tuni/Pods-Tuni.release.xcconfig"; sourceTree = "<group>"; };
		5B7EB9410499542E8C5724F5 /* Pods-Tuni-TuniTests.debug.xcconfig */ = {isa = PBXFileReference; includeInIndex = 1; lastKnownFileType = text.xcconfig; name = "Pods-Tuni-TuniTests.debug.xcconfig"; path = "Target Support Files/Pods-Tuni-TuniTests/Pods-Tuni-TuniTests.debug.xcconfig"; sourceTree = "<group>"; };
		5DCACB8F33CDC322A6C60F78 /* libPods-Tuni.a */ = {isa = PBXFileReference; explicitFileType = archive.ar; includeInIndex = 0; path = "libPods-Tuni.a"; sourceTree = BUILT_PRODUCTS_DIR; };
		81AB9BB72411601600AC10FF /* LaunchScreen.storyboard */ = {isa = PBXFileReference; fileEncoding = 4; lastKnownFileType = file.storyboard; name = LaunchScreen.storyboard; path = Tuni/LaunchScreen.storyboard; sourceTree = "<group>"; };
		89C6BE57DB24E9ADA2F236DE /* Pods-Tuni-TuniTests.release.xcconfig */ = {isa = PBXFileReference; includeInIndex = 1; lastKnownFileType = text.xcconfig; name = "Pods-Tuni-TuniTests.release.xcconfig"; path = "Target Support Files/Pods-Tuni-TuniTests/Pods-Tuni-TuniTests.release.xcconfig"; sourceTree = "<group>"; };
		ED297162215061F000B7C4FE /* JavaScriptCore.framework */ = {isa = PBXFileReference; lastKnownFileType = wrapper.framework; name = JavaScriptCore.framework; path = System/Library/Frameworks/JavaScriptCore.framework; sourceTree = SDKROOT; };
		CA3B88C33A9644259ACB6E1F /* ITC Bauhaus Medium.otf */ = {isa = PBXFileReference; name = "ITC Bauhaus Medium.otf"; path = "../assets/fonts/ITC Bauhaus Medium/ITC Bauhaus Medium.otf"; sourceTree = "<group>"; fileEncoding = undefined; lastKnownFileType = unknown; explicitFileType = undefined; includeInIndex = 0; };
		781883534BD944159AA3CCF4 /* BauhausStd-Bold.ttf */ = {isa = PBXFileReference; name = "BauhausStd-Bold.ttf"; path = "../assets/fonts/BauhausStd-Bold.ttf"; sourceTree = "<group>"; fileEncoding = undefined; lastKnownFileType = unknown; explicitFileType = undefined; includeInIndex = 0; };
		1FD122E35CCC4D60A6967718 /* BauhausStd-Demi.ttf */ = {isa = PBXFileReference; name = "BauhausStd-Demi.ttf"; path = "../assets/fonts/BauhausStd-Demi.ttf"; sourceTree = "<group>"; fileEncoding = undefined; lastKnownFileType = unknown; explicitFileType = undefined; includeInIndex = 0; };
		4D21EFFF1FB44DB181D1A0E4 /* BauhausStd-Heavy.ttf */ = {isa = PBXFileReference; name = "BauhausStd-Heavy.ttf"; path = "../assets/fonts/BauhausStd-Heavy.ttf"; sourceTree = "<group>"; fileEncoding = undefined; lastKnownFileType = unknown; explicitFileType = undefined; includeInIndex = 0; };
		7650B2AFBBCC4221964A4777 /* BauhausStd-Light.ttf */ = {isa = PBXFileReference; name = "BauhausStd-Light.ttf"; path = "../assets/fonts/BauhausStd-Light.ttf"; sourceTree = "<group>"; fileEncoding = undefined; lastKnownFileType = unknown; explicitFileType = undefined; includeInIndex = 0; };
		078AFDE952B241DD8E1FCD59 /* BauhausStd-Medium.ttf */ = {isa = PBXFileReference; name = "BauhausStd-Medium.ttf"; path = "../assets/fonts/BauhausStd-Medium.ttf"; sourceTree = "<group>"; fileEncoding = undefined; lastKnownFileType = unknown; explicitFileType = undefined; includeInIndex = 0; };
		5E343977E0704C7EB2709C72 /* BauhausStd-Bold.eot */ = {isa = PBXFileReference; name = "BauhausStd-Bold.eot"; path = "../assets/fonts/BauhausStd-Bold.eot"; sourceTree = "<group>"; fileEncoding = undefined; lastKnownFileType = unknown; explicitFileType = undefined; includeInIndex = 0; };
		05CB87DBCDAD47679F17F5FD /* BauhausStd-Bold.woff */ = {isa = PBXFileReference; name = "BauhausStd-Bold.woff"; path = "../assets/fonts/BauhausStd-Bold.woff"; sourceTree = "<group>"; fileEncoding = undefined; lastKnownFileType = unknown; explicitFileType = undefined; includeInIndex = 0; };
		BA308D817EBB4CDEB24B7024 /* BauhausStd-Bold.woff2 */ = {isa = PBXFileReference; name = "BauhausStd-Bold.woff2"; path = "../assets/fonts/BauhausStd-Bold.woff2"; sourceTree = "<group>"; fileEncoding = undefined; lastKnownFileType = unknown; explicitFileType = undefined; includeInIndex = 0; };
		55A45197026D42FCACD7D707 /* BauhausStd-Demi.eot */ = {isa = PBXFileReference; name = "BauhausStd-Demi.eot"; path = "../assets/fonts/BauhausStd-Demi.eot"; sourceTree = "<group>"; fileEncoding = undefined; lastKnownFileType = unknown; explicitFileType = undefined; includeInIndex = 0; };
		B15854CFE94041C0B40844E8 /* BauhausStd-Demi.woff */ = {isa = PBXFileReference; name = "BauhausStd-Demi.woff"; path = "../assets/fonts/BauhausStd-Demi.woff"; sourceTree = "<group>"; fileEncoding = undefined; lastKnownFileType = unknown; explicitFileType = undefined; includeInIndex = 0; };
		E178FB2C32F64AC5B97D024E /* BauhausStd-Demi.woff2 */ = {isa = PBXFileReference; name = "BauhausStd-Demi.woff2"; path = "../assets/fonts/BauhausStd-Demi.woff2"; sourceTree = "<group>"; fileEncoding = undefined; lastKnownFileType = unknown; explicitFileType = undefined; includeInIndex = 0; };
		04D96918D6AA46ADBBD1CC4F /* BauhausStd-Heavy.eot */ = {isa = PBXFileReference; name = "BauhausStd-Heavy.eot"; path = "../assets/fonts/BauhausStd-Heavy.eot"; sourceTree = "<group>"; fileEncoding = undefined; lastKnownFileType = unknown; explicitFileType = undefined; includeInIndex = 0; };
		610C0B6B2DB74A14A029365E /* BauhausStd-Heavy.woff */ = {isa = PBXFileReference; name = "BauhausStd-Heavy.woff"; path = "../assets/fonts/BauhausStd-Heavy.woff"; sourceTree = "<group>"; fileEncoding = undefined; lastKnownFileType = unknown; explicitFileType = undefined; includeInIndex = 0; };
		3CD560AF212446799C863798 /* BauhausStd-Heavy.woff2 */ = {isa = PBXFileReference; name = "BauhausStd-Heavy.woff2"; path = "../assets/fonts/BauhausStd-Heavy.woff2"; sourceTree = "<group>"; fileEncoding = undefined; lastKnownFileType = unknown; explicitFileType = undefined; includeInIndex = 0; };
		C896CF6436F246F69F0BD448 /* BauhausStd-Light.eot */ = {isa = PBXFileReference; name = "BauhausStd-Light.eot"; path = "../assets/fonts/BauhausStd-Light.eot"; sourceTree = "<group>"; fileEncoding = undefined; lastKnownFileType = unknown; explicitFileType = undefined; includeInIndex = 0; };
		ACDE3EEDFD93496EB3E52CD5 /* BauhausStd-Light.woff */ = {isa = PBXFileReference; name = "BauhausStd-Light.woff"; path = "../assets/fonts/BauhausStd-Light.woff"; sourceTree = "<group>"; fileEncoding = undefined; lastKnownFileType = unknown; explicitFileType = undefined; includeInIndex = 0; };
		DAA60C3358444567970C11C4 /* BauhausStd-Light.woff2 */ = {isa = PBXFileReference; name = "BauhausStd-Light.woff2"; path = "../assets/fonts/BauhausStd-Light.woff2"; sourceTree = "<group>"; fileEncoding = undefined; lastKnownFileType = unknown; explicitFileType = undefined; includeInIndex = 0; };
		58EE466DFF1041F6BEAA5480 /* BauhausStd-Medium.eot */ = {isa = PBXFileReference; name = "BauhausStd-Medium.eot"; path = "../assets/fonts/BauhausStd-Medium.eot"; sourceTree = "<group>"; fileEncoding = undefined; lastKnownFileType = unknown; explicitFileType = undefined; includeInIndex = 0; };
		8CA948498A864C9986E2C6EE /* BauhausStd-Medium.woff */ = {isa = PBXFileReference; name = "BauhausStd-Medium.woff"; path = "../assets/fonts/BauhausStd-Medium.woff"; sourceTree = "<group>"; fileEncoding = undefined; lastKnownFileType = unknown; explicitFileType = undefined; includeInIndex = 0; };
		04CB78F2B5D74193BDCF90A5 /* BauhausStd-Medium.woff2 */ = {isa = PBXFileReference; name = "BauhausStd-Medium.woff2"; path = "../assets/fonts/BauhausStd-Medium.woff2"; sourceTree = "<group>"; fileEncoding = undefined; lastKnownFileType = unknown; explicitFileType = undefined; includeInIndex = 0; };
		1249B22CC1124A23B257ED64 /* demo.html */ = {isa = PBXFileReference; name = "demo.html"; path = "../assets/fonts/demo.html"; sourceTree = "<group>"; fileEncoding = undefined; lastKnownFileType = unknown; explicitFileType = undefined; includeInIndex = 0; };
		90AC2D9BE7774D4291D771FC /* readme.html */ = {isa = PBXFileReference; name = "readme.html"; path = "../assets/fonts/ITC Bauhaus Medium/readme.html"; sourceTree = "<group>"; fileEncoding = undefined; lastKnownFileType = unknown; explicitFileType = undefined; includeInIndex = 0; };
		7563B25D459B4ECF80979D1A /* stylesheet.css */ = {isa = PBXFileReference; name = "stylesheet.css"; path = "../assets/fonts/stylesheet.css"; sourceTree = "<group>"; fileEncoding = undefined; lastKnownFileType = unknown; explicitFileType = undefined; includeInIndex = 0; };
/* End PBXFileReference section */

/* Begin PBXFrameworksBuildPhase section */
		00E356EB1AD99517003FC87E /* Frameworks */ = {
			isa = PBXFrameworksBuildPhase;
			buildActionMask = 2147483647;
			files = (
				7699B88040F8A987B510C191 /* libPods-Tuni-TuniTests.a in Frameworks */,
			);
			runOnlyForDeploymentPostprocessing = 0;
		};
		13B07F8C1A680F5B00A75B9A /* Frameworks */ = {
			isa = PBXFrameworksBuildPhase;
			buildActionMask = 2147483647;
			files = (
				0C80B921A6F3F58F76C31292 /* libPods-Tuni.a in Frameworks */,
			);
			runOnlyForDeploymentPostprocessing = 0;
		};
/* End PBXFrameworksBuildPhase section */

/* Begin PBXGroup section */
		00E356EF1AD99517003FC87E /* TuniTests */ = {
			isa = PBXGroup;
			children = (
				00E356F21AD99517003FC87E /* TuniTests.m */,
				00E356F01AD99517003FC87E /* Supporting Files */,
			);
			path = TuniTests;
			sourceTree = "<group>";
		};
		00E356F01AD99517003FC87E /* Supporting Files */ = {
			isa = PBXGroup;
			children = (
				00E356F11AD99517003FC87E /* Info.plist */,
			);
			name = "Supporting Files";
			sourceTree = "<group>";
		};
		13B07FAE1A68108700A75B9A /* Tuni */ = {
			isa = PBXGroup;
			children = (
				13B07FAF1A68108700A75B9A /* AppDelegate.h */,
				13B07FB01A68108700A75B9A /* AppDelegate.mm */,
				13B07FB51A68108700A75B9A /* Images.xcassets */,
				13B07FB61A68108700A75B9A /* Info.plist */,
				81AB9BB72411601600AC10FF /* LaunchScreen.storyboard */,
				13B07FB71A68108700A75B9A /* main.m */,
			);
			name = Tuni;
			sourceTree = "<group>";
		};
		2D16E6871FA4F8E400B85C8A /* Frameworks */ = {
			isa = PBXGroup;
			children = (
				ED297162215061F000B7C4FE /* JavaScriptCore.framework */,
				5DCACB8F33CDC322A6C60F78 /* libPods-Tuni.a */,
				19F6CBCC0A4E27FBF8BF4A61 /* libPods-Tuni-TuniTests.a */,
			);
			name = Frameworks;
			sourceTree = "<group>";
		};
		832341AE1AAA6A7D00B99B32 /* Libraries */ = {
			isa = PBXGroup;
			children = (
			);
			name = Libraries;
			sourceTree = "<group>";
		};
		83CBB9F61A601CBA00E9B192 = {
			isa = PBXGroup;
			children = (
				13B07FAE1A68108700A75B9A /* Tuni */,
				832341AE1AAA6A7D00B99B32 /* Libraries */,
				00E356EF1AD99517003FC87E /* TuniTests */,
				83CBBA001A601CBA00E9B192 /* Products */,
				2D16E6871FA4F8E400B85C8A /* Frameworks */,
				BBD78D7AC51CEA395F1C20DB /* Pods */,
				3B5986C4816F412FABFABA1B /* Resources */,
			);
			indentWidth = 2;
			sourceTree = "<group>";
			tabWidth = 2;
			usesTabs = 0;
		};
		83CBBA001A601CBA00E9B192 /* Products */ = {
			isa = PBXGroup;
			children = (
				13B07F961A680F5B00A75B9A /* Tuni.app */,
				00E356EE1AD99517003FC87E /* TuniTests.xctest */,
			);
			name = Products;
			sourceTree = "<group>";
		};
		BBD78D7AC51CEA395F1C20DB /* Pods */ = {
			isa = PBXGroup;
			children = (
				3B4392A12AC88292D35C810B /* Pods-Tuni.debug.xcconfig */,
				5709B34CF0A7D63546082F79 /* Pods-Tuni.release.xcconfig */,
				5B7EB9410499542E8C5724F5 /* Pods-Tuni-TuniTests.debug.xcconfig */,
				89C6BE57DB24E9ADA2F236DE /* Pods-Tuni-TuniTests.release.xcconfig */,
			);
			path = Pods;
			sourceTree = "<group>";
		};
		3B5986C4816F412FABFABA1B /* Resources */ = {
			isa = "PBXGroup";
			children = (
				CA3B88C33A9644259ACB6E1F /* ITC Bauhaus Medium.otf */,
				781883534BD944159AA3CCF4 /* BauhausStd-Bold.ttf */,
				1FD122E35CCC4D60A6967718 /* BauhausStd-Demi.ttf */,
				4D21EFFF1FB44DB181D1A0E4 /* BauhausStd-Heavy.ttf */,
				7650B2AFBBCC4221964A4777 /* BauhausStd-Light.ttf */,
				078AFDE952B241DD8E1FCD59 /* BauhausStd-Medium.ttf */,
				5E343977E0704C7EB2709C72 /* BauhausStd-Bold.eot */,
				05CB87DBCDAD47679F17F5FD /* BauhausStd-Bold.woff */,
				BA308D817EBB4CDEB24B7024 /* BauhausStd-Bold.woff2 */,
				55A45197026D42FCACD7D707 /* BauhausStd-Demi.eot */,
				B15854CFE94041C0B40844E8 /* BauhausStd-Demi.woff */,
				E178FB2C32F64AC5B97D024E /* BauhausStd-Demi.woff2 */,
				04D96918D6AA46ADBBD1CC4F /* BauhausStd-Heavy.eot */,
				610C0B6B2DB74A14A029365E /* BauhausStd-Heavy.woff */,
				3CD560AF212446799C863798 /* BauhausStd-Heavy.woff2 */,
				C896CF6436F246F69F0BD448 /* BauhausStd-Light.eot */,
				ACDE3EEDFD93496EB3E52CD5 /* BauhausStd-Light.woff */,
				DAA60C3358444567970C11C4 /* BauhausStd-Light.woff2 */,
				58EE466DFF1041F6BEAA5480 /* BauhausStd-Medium.eot */,
				8CA948498A864C9986E2C6EE /* BauhausStd-Medium.woff */,
				04CB78F2B5D74193BDCF90A5 /* BauhausStd-Medium.woff2 */,
				1249B22CC1124A23B257ED64 /* demo.html */,
				90AC2D9BE7774D4291D771FC /* readme.html */,
				7563B25D459B4ECF80979D1A /* stylesheet.css */,
			);
			name = Resources;
			sourceTree = "<group>";
			path = "";
		};
/* End PBXGroup section */

/* Begin PBXNativeTarget section */
		00E356ED1AD99517003FC87E /* TuniTests */ = {
			isa = PBXNativeTarget;
			buildConfigurationList = 00E357021AD99517003FC87E /* Build configuration list for PBXNativeTarget "TuniTests" */;
			buildPhases = (
				A55EABD7B0C7F3A422A6CC61 /* [CP] Check Pods Manifest.lock */,
				00E356EA1AD99517003FC87E /* Sources */,
				00E356EB1AD99517003FC87E /* Frameworks */,
				00E356EC1AD99517003FC87E /* Resources */,
				C59DA0FBD6956966B86A3779 /* [CP] Embed Pods Frameworks */,
				F6A41C54EA430FDDC6A6ED99 /* [CP] Copy Pods Resources */,
			);
			buildRules = (
			);
			dependencies = (
				00E356F51AD99517003FC87E /* PBXTargetDependency */,
			);
			name = TuniTests;
			productName = TuniTests;
			productReference = 00E356EE1AD99517003FC87E /* TuniTests.xctest */;
			productType = "com.apple.product-type.bundle.unit-test";
		};
		13B07F861A680F5B00A75B9A /* Tuni */ = {
			isa = PBXNativeTarget;
			buildConfigurationList = 13B07F931A680F5B00A75B9A /* Build configuration list for PBXNativeTarget "Tuni" */;
			buildPhases = (
				C38B50BA6285516D6DCD4F65 /* [CP] Check Pods Manifest.lock */,
				13B07F871A680F5B00A75B9A /* Sources */,
				13B07F8C1A680F5B00A75B9A /* Frameworks */,
				13B07F8E1A680F5B00A75B9A /* Resources */,
				00DD1BFF1BD5951E006B06BC /* Bundle React Native code and images */,
				00EEFC60759A1932668264C0 /* [CP] Embed Pods Frameworks */,
				E235C05ADACE081382539298 /* [CP] Copy Pods Resources */,
			);
			buildRules = (
			);
			dependencies = (
			);
			name = Tuni;
			productName = Tuni;
			productReference = 13B07F961A680F5B00A75B9A /* Tuni.app */;
			productType = "com.apple.product-type.application";
		};
/* End PBXNativeTarget section */

/* Begin PBXProject section */
		83CBB9F71A601CBA00E9B192 /* Project object */ = {
			isa = PBXProject;
			attributes = {
				LastUpgradeCheck = 1210;
				TargetAttributes = {
					00E356ED1AD99517003FC87E = {
						CreatedOnToolsVersion = 6.2;
						TestTargetID = 13B07F861A680F5B00A75B9A;
					};
					13B07F861A680F5B00A75B9A = {
						LastSwiftMigration = 1120;
					};
				};
			};
			buildConfigurationList = 83CBB9FA1A601CBA00E9B192 /* Build configuration list for PBXProject "Tuni" */;
			compatibilityVersion = "Xcode 12.0";
			developmentRegion = en;
			hasScannedForEncodings = 0;
			knownRegions = (
				en,
				Base,
			);
			mainGroup = 83CBB9F61A601CBA00E9B192;
			productRefGroup = 83CBBA001A601CBA00E9B192 /* Products */;
			projectDirPath = "";
			projectRoot = "";
			targets = (
				13B07F861A680F5B00A75B9A /* Tuni */,
				00E356ED1AD99517003FC87E /* TuniTests */,
			);
		};
/* End PBXProject section */

/* Begin PBXResourcesBuildPhase section */
		00E356EC1AD99517003FC87E /* Resources */ = {
			isa = PBXResourcesBuildPhase;
			buildActionMask = 2147483647;
			files = (
			);
			runOnlyForDeploymentPostprocessing = 0;
		};
		13B07F8E1A680F5B00A75B9A /* Resources */ = {
			isa = PBXResourcesBuildPhase;
			buildActionMask = 2147483647;
			files = (
				81AB9BB82411601600AC10FF /* LaunchScreen.storyboard in Resources */,
				13B07FBF1A68108700A75B9A /* Images.xcassets in Resources */,
				BDD759CF4CD741539853B00C /* ITC Bauhaus Medium.otf in Resources */,
				66DF81F786514949B19B74C1 /* BauhausStd-Bold.ttf in Resources */,
				0C05DD5013B7431D94265820 /* BauhausStd-Demi.ttf in Resources */,
				E0302DB06AAC456780CA51B1 /* BauhausStd-Heavy.ttf in Resources */,
				E936839F97A54A8B938EBED3 /* BauhausStd-Light.ttf in Resources */,
				D27DA38492C34AA88B4CEEC5 /* BauhausStd-Medium.ttf in Resources */,
				FC5410F3D6EE4EE88C76EDA0 /* BauhausStd-Bold.eot in Resources */,
				FBCB93DC52A24EB5A94DA9C4 /* BauhausStd-Bold.woff in Resources */,
				C94F332600D54E67880B85FF /* BauhausStd-Bold.woff2 in Resources */,
				63DFD27CA5034917B195F9F7 /* BauhausStd-Demi.eot in Resources */,
				500EAA55854D4E77945899E6 /* BauhausStd-Demi.woff in Resources */,
				1415266E08144685BBEA944F /* BauhausStd-Demi.woff2 in Resources */,
				5F135E39B6244B3B995627C7 /* BauhausStd-Heavy.eot in Resources */,
				BFE220B87F214E17A823B7AA /* BauhausStd-Heavy.woff in Resources */,
				4AEE6FD0BA8146A186382504 /* BauhausStd-Heavy.woff2 in Resources */,
				0557B54483B6444296348BBC /* BauhausStd-Light.eot in Resources */,
				F92376BD381E49A493D0020B /* BauhausStd-Light.woff in Resources */,
				3F32C8BB31EF448988465702 /* BauhausStd-Light.woff2 in Resources */,
				116E3B63BEF14961846EFC9C /* BauhausStd-Medium.eot in Resources */,
				2D1EC981FBE94D98A3EA53C1 /* BauhausStd-Medium.woff in Resources */,
				603889958B2C491FAA3A7514 /* BauhausStd-Medium.woff2 in Resources */,
				306A1301C1D140D49BBB873D /* demo.html in Resources */,
				AE1E162C3B814630A5E39944 /* readme.html in Resources */,
				805FDC2B4FCF48CC800322BC /* stylesheet.css in Resources */,
			);
			runOnlyForDeploymentPostprocessing = 0;
		};
/* End PBXResourcesBuildPhase section */

/* Begin PBXShellScriptBuildPhase section */
		00DD1BFF1BD5951E006B06BC /* Bundle React Native code and images */ = {
			isa = PBXShellScriptBuildPhase;
			buildActionMask = 2147483647;
			files = (
			);
			inputPaths = (
				"$(SRCROOT)/.xcode.env.local",
				"$(SRCROOT)/.xcode.env",
			);
			name = "Bundle React Native code and images";
			outputPaths = (
			);
			runOnlyForDeploymentPostprocessing = 0;
			shellPath = /bin/sh;
			shellScript = "set -e\n\nWITH_ENVIRONMENT=\"../node_modules/react-native/scripts/xcode/with-environment.sh\"\nREACT_NATIVE_XCODE=\"../node_modules/react-native/scripts/react-native-xcode.sh\"\n\n/bin/sh -c \"$WITH_ENVIRONMENT $REACT_NATIVE_XCODE\"\n";
		};
		00EEFC60759A1932668264C0 /* [CP] Embed Pods Frameworks */ = {
			isa = PBXShellScriptBuildPhase;
			buildActionMask = 2147483647;
			files = (
			);
			inputFileListPaths = (
				"${PODS_ROOT}/Target Support Files/Pods-Tuni/Pods-Tuni-frameworks-${CONFIGURATION}-input-files.xcfilelist",
			);
			name = "[CP] Embed Pods Frameworks";
			outputFileListPaths = (
				"${PODS_ROOT}/Target Support Files/Pods-Tuni/Pods-Tuni-frameworks-${CONFIGURATION}-output-files.xcfilelist",
			);
			runOnlyForDeploymentPostprocessing = 0;
			shellPath = /bin/sh;
			shellScript = "\"${PODS_ROOT}/Target Support Files/Pods-Tuni/Pods-Tuni-frameworks.sh\"\n";
			showEnvVarsInLog = 0;
		};
		A55EABD7B0C7F3A422A6CC61 /* [CP] Check Pods Manifest.lock */ = {
			isa = PBXShellScriptBuildPhase;
			buildActionMask = 2147483647;
			files = (
			);
			inputFileListPaths = (
			);
			inputPaths = (
				"${PODS_PODFILE_DIR_PATH}/Podfile.lock",
				"${PODS_ROOT}/Manifest.lock",
			);
			name = "[CP] Check Pods Manifest.lock";
			outputFileListPaths = (
			);
			outputPaths = (
				"$(DERIVED_FILE_DIR)/Pods-Tuni-TuniTests-checkManifestLockResult.txt",
			);
			runOnlyForDeploymentPostprocessing = 0;
			shellPath = /bin/sh;
			shellScript = "diff \"${PODS_PODFILE_DIR_PATH}/Podfile.lock\" \"${PODS_ROOT}/Manifest.lock\" > /dev/null\nif [ $? != 0 ] ; then\n    # print error to STDERR\n    echo \"error: The sandbox is not in sync with the Podfile.lock. Run 'pod install' or update your CocoaPods installation.\" >&2\n    exit 1\nfi\n# This output is used by Xcode 'outputs' to avoid re-running this script phase.\necho \"SUCCESS\" > \"${SCRIPT_OUTPUT_FILE_0}\"\n";
			showEnvVarsInLog = 0;
		};
		C38B50BA6285516D6DCD4F65 /* [CP] Check Pods Manifest.lock */ = {
			isa = PBXShellScriptBuildPhase;
			buildActionMask = 2147483647;
			files = (
			);
			inputFileListPaths = (
			);
			inputPaths = (
				"${PODS_PODFILE_DIR_PATH}/Podfile.lock",
				"${PODS_ROOT}/Manifest.lock",
			);
			name = "[CP] Check Pods Manifest.lock";
			outputFileListPaths = (
			);
			outputPaths = (
				"$(DERIVED_FILE_DIR)/Pods-Tuni-checkManifestLockResult.txt",
			);
			runOnlyForDeploymentPostprocessing = 0;
			shellPath = /bin/sh;
			shellScript = "diff \"${PODS_PODFILE_DIR_PATH}/Podfile.lock\" \"${PODS_ROOT}/Manifest.lock\" > /dev/null\nif [ $? != 0 ] ; then\n    # print error to STDERR\n    echo \"error: The sandbox is not in sync with the Podfile.lock. Run 'pod install' or update your CocoaPods installation.\" >&2\n    exit 1\nfi\n# This output is used by Xcode 'outputs' to avoid re-running this script phase.\necho \"SUCCESS\" > \"${SCRIPT_OUTPUT_FILE_0}\"\n";
			showEnvVarsInLog = 0;
		};
		C59DA0FBD6956966B86A3779 /* [CP] Embed Pods Frameworks */ = {
			isa = PBXShellScriptBuildPhase;
			buildActionMask = 2147483647;
			files = (
			);
			inputFileListPaths = (
				"${PODS_ROOT}/Target Support Files/Pods-Tuni-TuniTests/Pods-Tuni-TuniTests-frameworks-${CONFIGURATION}-input-files.xcfilelist",
			);
			name = "[CP] Embed Pods Frameworks";
			outputFileListPaths = (
				"${PODS_ROOT}/Target Support Files/Pods-Tuni-TuniTests/Pods-Tuni-TuniTests-frameworks-${CONFIGURATION}-output-files.xcfilelist",
			);
			runOnlyForDeploymentPostprocessing = 0;
			shellPath = /bin/sh;
			shellScript = "\"${PODS_ROOT}/Target Support Files/Pods-Tuni-TuniTests/Pods-Tuni-TuniTests-frameworks.sh\"\n";
			showEnvVarsInLog = 0;
		};
		E235C05ADACE081382539298 /* [CP] Copy Pods Resources */ = {
			isa = PBXShellScriptBuildPhase;
			buildActionMask = 2147483647;
			files = (
			);
			inputFileListPaths = (
				"${PODS_ROOT}/Target Support Files/Pods-Tuni/Pods-Tuni-resources-${CONFIGURATION}-input-files.xcfilelist",
			);
			name = "[CP] Copy Pods Resources";
			outputFileListPaths = (
				"${PODS_ROOT}/Target Support Files/Pods-Tuni/Pods-Tuni-resources-${CONFIGURATION}-output-files.xcfilelist",
			);
			runOnlyForDeploymentPostprocessing = 0;
			shellPath = /bin/sh;
			shellScript = "\"${PODS_ROOT}/Target Support Files/Pods-Tuni/Pods-Tuni-resources.sh\"\n";
			showEnvVarsInLog = 0;
		};
		F6A41C54EA430FDDC6A6ED99 /* [CP] Copy Pods Resources */ = {
			isa = PBXShellScriptBuildPhase;
			buildActionMask = 2147483647;
			files = (
			);
			inputFileListPaths = (
				"${PODS_ROOT}/Target Support Files/Pods-Tuni-TuniTests/Pods-Tuni-TuniTests-resources-${CONFIGURATION}-input-files.xcfilelist",
			);
			name = "[CP] Copy Pods Resources";
			outputFileListPaths = (
				"${PODS_ROOT}/Target Support Files/Pods-Tuni-TuniTests/Pods-Tuni-TuniTests-resources-${CONFIGURATION}-output-files.xcfilelist",
			);
			runOnlyForDeploymentPostprocessing = 0;
			shellPath = /bin/sh;
			shellScript = "\"${PODS_ROOT}/Target Support Files/Pods-Tuni-TuniTests/Pods-Tuni-TuniTests-resources.sh\"\n";
			showEnvVarsInLog = 0;
		};
/* End PBXShellScriptBuildPhase section */

/* Begin PBXSourcesBuildPhase section */
		00E356EA1AD99517003FC87E /* Sources */ = {
			isa = PBXSourcesBuildPhase;
			buildActionMask = 2147483647;
			files = (
				00E356F31AD99517003FC87E /* TuniTests.m in Sources */,
			);
			runOnlyForDeploymentPostprocessing = 0;
		};
		13B07F871A680F5B00A75B9A /* Sources */ = {
			isa = PBXSourcesBuildPhase;
			buildActionMask = 2147483647;
			files = (
				13B07FBC1A68108700A75B9A /* AppDelegate.mm in Sources */,
				13B07FC11A68108700A75B9A /* main.m in Sources */,
			);
			runOnlyForDeploymentPostprocessing = 0;
		};
/* End PBXSourcesBuildPhase section */

/* Begin PBXTargetDependency section */
		00E356F51AD99517003FC87E /* PBXTargetDependency */ = {
			isa = PBXTargetDependency;
			target = 13B07F861A680F5B00A75B9A /* Tuni */;
			targetProxy = 00E356F41AD99517003FC87E /* PBXContainerItemProxy */;
		};
/* End PBXTargetDependency section */

/* Begin XCBuildConfiguration section */
		00E356F61AD99517003FC87E /* Debug */ = {
			isa = XCBuildConfiguration;
			baseConfigurationReference = 5B7EB9410499542E8C5724F5 /* Pods-Tuni-TuniTests.debug.xcconfig */;
			buildSettings = {
				BUNDLE_LOADER = "$(TEST_HOST)";
				GCC_PREPROCESSOR_DEFINITIONS = (
					"DEBUG=1",
					"$(inherited)",
				);
				INFOPLIST_FILE = TuniTests/Info.plist;
				IPHONEOS_DEPLOYMENT_TARGET = 13.4;
				LD_RUNPATH_SEARCH_PATHS = (
					"$(inherited)",
					"@executable_path/Frameworks",
					"@loader_path/Frameworks",
				);
				OTHER_LDFLAGS = (
					"-ObjC",
					"-lc++",
					"$(inherited)",
				);
				PRODUCT_BUNDLE_IDENTIFIER = "org.reactjs.native.example.$(PRODUCT_NAME:rfc1034identifier)";
				PRODUCT_NAME = "$(TARGET_NAME)";
				TEST_HOST = "$(BUILT_PRODUCTS_DIR)/Tuni.app/Tuni";
			};
			name = Debug;
		};
		00E356F71AD99517003FC87E /* Release */ = {
			isa = XCBuildConfiguration;
			baseConfigurationReference = 89C6BE57DB24E9ADA2F236DE /* Pods-Tuni-TuniTests.release.xcconfig */;
			buildSettings = {
				BUNDLE_LOADER = "$(TEST_HOST)";
				COPY_PHASE_STRIP = NO;
				INFOPLIST_FILE = TuniTests/Info.plist;
				IPHONEOS_DEPLOYMENT_TARGET = 13.4;
				LD_RUNPATH_SEARCH_PATHS = (
					"$(inherited)",
					"@executable_path/Frameworks",
					"@loader_path/Frameworks",
				);
				OTHER_LDFLAGS = (
					"-ObjC",
					"-lc++",
					"$(inherited)",
				);
				PRODUCT_BUNDLE_IDENTIFIER = "org.reactjs.native.example.$(PRODUCT_NAME:rfc1034identifier)";
				PRODUCT_NAME = "$(TARGET_NAME)";
				TEST_HOST = "$(BUILT_PRODUCTS_DIR)/Tuni.app/Tuni";
			};
			name = Release;
		};
		13B07F941A680F5B00A75B9A /* Debug */ = {
			isa = XCBuildConfiguration;
			baseConfigurationReference = 3B4392A12AC88292D35C810B /* Pods-Tuni.debug.xcconfig */;
			buildSettings = {
				ASSETCATALOG_COMPILER_APPICON_NAME = AppIcon;
				CLANG_ENABLE_MODULES = YES;
				CURRENT_PROJECT_VERSION = 1;
				ENABLE_BITCODE = NO;
				INFOPLIST_FILE = Tuni/Info.plist;
				LD_RUNPATH_SEARCH_PATHS = (
					"$(inherited)",
					"@executable_path/Frameworks",
				);
				MARKETING_VERSION = 1.0;
				OTHER_LDFLAGS = (
					"$(inherited)",
					"-ObjC",
					"-lc++",
				);
				PRODUCT_BUNDLE_IDENTIFIER = "org.reactjs.native.example.$(PRODUCT_NAME:rfc1034identifier)";
				PRODUCT_NAME = Tuni;
				SWIFT_OPTIMIZATION_LEVEL = "-Onone";
				SWIFT_VERSION = 5.0;
				VERSIONING_SYSTEM = "apple-generic";
			};
			name = Debug;
		};
		13B07F951A680F5B00A75B9A /* Release */ = {
			isa = XCBuildConfiguration;
			baseConfigurationReference = 5709B34CF0A7D63546082F79 /* Pods-Tuni.release.xcconfig */;
			buildSettings = {
				ASSETCATALOG_COMPILER_APPICON_NAME = AppIcon;
				CLANG_ENABLE_MODULES = YES;
				CURRENT_PROJECT_VERSION = 1;
				INFOPLIST_FILE = Tuni/Info.plist;
				LD_RUNPATH_SEARCH_PATHS = (
					"$(inherited)",
					"@executable_path/Frameworks",
				);
				MARKETING_VERSION = 1.0;
				OTHER_LDFLAGS = (
					"$(inherited)",
					"-ObjC",
					"-lc++",
				);
				PRODUCT_BUNDLE_IDENTIFIER = "org.reactjs.native.example.$(PRODUCT_NAME:rfc1034identifier)";
				PRODUCT_NAME = Tuni;
				SWIFT_VERSION = 5.0;
				VERSIONING_SYSTEM = "apple-generic";
			};
			name = Release;
		};
		83CBBA201A601CBA00E9B192 /* Debug */ = {
			isa = XCBuildConfiguration;
			buildSettings = {
				ALWAYS_SEARCH_USER_PATHS = NO;
				CLANG_ANALYZER_LOCALIZABILITY_NONLOCALIZED = YES;
				CLANG_CXX_LANGUAGE_STANDARD = "c++20";
				CLANG_CXX_LIBRARY = "libc++";
				CLANG_ENABLE_MODULES = YES;
				CLANG_ENABLE_OBJC_ARC = YES;
				CLANG_WARN_BLOCK_CAPTURE_AUTORELEASING = YES;
				CLANG_WARN_BOOL_CONVERSION = YES;
				CLANG_WARN_COMMA = YES;
				CLANG_WARN_CONSTANT_CONVERSION = YES;
				CLANG_WARN_DEPRECATED_OBJC_IMPLEMENTATIONS = YES;
				CLANG_WARN_DIRECT_OBJC_ISA_USAGE = YES_ERROR;
				CLANG_WARN_EMPTY_BODY = YES;
				CLANG_WARN_ENUM_CONVERSION = YES;
				CLANG_WARN_INFINITE_RECURSION = YES;
				CLANG_WARN_INT_CONVERSION = YES;
				CLANG_WARN_NON_LITERAL_NULL_CONVERSION = YES;
				CLANG_WARN_OBJC_IMPLICIT_RETAIN_SELF = YES;
				CLANG_WARN_OBJC_LITERAL_CONVERSION = YES;
				CLANG_WARN_OBJC_ROOT_CLASS = YES_ERROR;
				CLANG_WARN_QUOTED_INCLUDE_IN_FRAMEWORK_HEADER = YES;
				CLANG_WARN_RANGE_LOOP_ANALYSIS = YES;
				CLANG_WARN_STRICT_PROTOTYPES = YES;
				CLANG_WARN_SUSPICIOUS_MOVE = YES;
				CLANG_WARN_UNREACHABLE_CODE = YES;
				CLANG_WARN__DUPLICATE_METHOD_MATCH = YES;
				"CODE_SIGN_IDENTITY[sdk=iphoneos*]" = "iPhone Developer";
				COPY_PHASE_STRIP = NO;
				ENABLE_STRICT_OBJC_MSGSEND = YES;
				ENABLE_TESTABILITY = YES;
				"EXCLUDED_ARCHS[sdk=iphonesimulator*]" = "";
				GCC_C_LANGUAGE_STANDARD = gnu99;
				GCC_DYNAMIC_NO_PIC = NO;
				GCC_NO_COMMON_BLOCKS = YES;
				GCC_OPTIMIZATION_LEVEL = 0;
				GCC_PREPROCESSOR_DEFINITIONS = (
					"DEBUG=1",
					"$(inherited)",
				);
				GCC_SYMBOLS_PRIVATE_EXTERN = NO;
				GCC_WARN_64_TO_32_BIT_CONVERSION = YES;
				GCC_WARN_ABOUT_RETURN_TYPE = YES_ERROR;
				GCC_WARN_UNDECLARED_SELECTOR = YES;
				GCC_WARN_UNINITIALIZED_AUTOS = YES_AGGRESSIVE;
				GCC_WARN_UNUSED_FUNCTION = YES;
				GCC_WARN_UNUSED_VARIABLE = YES;
				IPHONEOS_DEPLOYMENT_TARGET = 13.4;
				LD_RUNPATH_SEARCH_PATHS = (
					/usr/lib/swift,
					"$(inherited)",
				);
				LIBRARY_SEARCH_PATHS = (
					"\"$(SDKROOT)/usr/lib/swift\"",
					"\"$(TOOLCHAIN_DIR)/usr/lib/swift/$(PLATFORM_NAME)\"",
					"\"$(inherited)\"",
				);
				MTL_ENABLE_DEBUG_INFO = YES;
				ONLY_ACTIVE_ARCH = YES;
				OTHER_CPLUSPLUSFLAGS = (
					"$(OTHER_CFLAGS)",
					"-DFOLLY_NO_CONFIG",
					"-DFOLLY_MOBILE=1",
					"-DFOLLY_USE_LIBCPP=1",
					"-DFOLLY_CFG_NO_COROUTINES=1",
				);
				SDKROOT = iphoneos;
			};
			name = Debug;
		};
		83CBBA211A601CBA00E9B192 /* Release */ = {
			isa = XCBuildConfiguration;
			buildSettings = {
				ALWAYS_SEARCH_USER_PATHS = NO;
				CLANG_ANALYZER_LOCALIZABILITY_NONLOCALIZED = YES;
				CLANG_CXX_LANGUAGE_STANDARD = "c++20";
				CLANG_CXX_LIBRARY = "libc++";
				CLANG_ENABLE_MODULES = YES;
				CLANG_ENABLE_OBJC_ARC = YES;
				CLANG_WARN_BLOCK_CAPTURE_AUTORELEASING = YES;
				CLANG_WARN_BOOL_CONVERSION = YES;
				CLANG_WARN_COMMA = YES;
				CLANG_WARN_CONSTANT_CONVERSION = YES;
				CLANG_WARN_DEPRECATED_OBJC_IMPLEMENTATIONS = YES;
				CLANG_WARN_DIRECT_OBJC_ISA_USAGE = YES_ERROR;
				CLANG_WARN_EMPTY_BODY = YES;
				CLANG_WARN_ENUM_CONVERSION = YES;
				CLANG_WARN_INFINITE_RECURSION = YES;
				CLANG_WARN_INT_CONVERSION = YES;
				CLANG_WARN_NON_LITERAL_NULL_CONVERSION = YES;
				CLANG_WARN_OBJC_IMPLICIT_RETAIN_SELF = YES;
				CLANG_WARN_OBJC_LITERAL_CONVERSION = YES;
				CLANG_WARN_OBJC_ROOT_CLASS = YES_ERROR;
				CLANG_WARN_QUOTED_INCLUDE_IN_FRAMEWORK_HEADER = YES;
				CLANG_WARN_RANGE_LOOP_ANALYSIS = YES;
				CLANG_WARN_STRICT_PROTOTYPES = YES;
				CLANG_WARN_SUSPICIOUS_MOVE = YES;
				CLANG_WARN_UNREACHABLE_CODE = YES;
				CLANG_WARN__DUPLICATE_METHOD_MATCH = YES;
				"CODE_SIGN_IDENTITY[sdk=iphoneos*]" = "iPhone Developer";
				COPY_PHASE_STRIP = YES;
				ENABLE_NS_ASSERTIONS = NO;
				ENABLE_STRICT_OBJC_MSGSEND = YES;
				"EXCLUDED_ARCHS[sdk=iphonesimulator*]" = "";
				GCC_C_LANGUAGE_STANDARD = gnu99;
				GCC_NO_COMMON_BLOCKS = YES;
				GCC_WARN_64_TO_32_BIT_CONVERSION = YES;
				GCC_WARN_ABOUT_RETURN_TYPE = YES_ERROR;
				GCC_WARN_UNDECLARED_SELECTOR = YES;
				GCC_WARN_UNINITIALIZED_AUTOS = YES_AGGRESSIVE;
				GCC_WARN_UNUSED_FUNCTION = YES;
				GCC_WARN_UNUSED_VARIABLE = YES;
				IPHONEOS_DEPLOYMENT_TARGET = 13.4;
				LD_RUNPATH_SEARCH_PATHS = (
					/usr/lib/swift,
					"$(inherited)",
				);
				LIBRARY_SEARCH_PATHS = (
					"\"$(SDKROOT)/usr/lib/swift\"",
					"\"$(TOOLCHAIN_DIR)/usr/lib/swift/$(PLATFORM_NAME)\"",
					"\"$(inherited)\"",
				);
				MTL_ENABLE_DEBUG_INFO = NO;
				OTHER_CPLUSPLUSFLAGS = (
					"$(OTHER_CFLAGS)",
					"-DFOLLY_NO_CONFIG",
					"-DFOLLY_MOBILE=1",
					"-DFOLLY_USE_LIBCPP=1",
					"-DFOLLY_CFG_NO_COROUTINES=1",
				);
				SDKROOT = iphoneos;
				VALIDATE_PRODUCT = YES;
			};
			name = Release;
		};
/* End XCBuildConfiguration section */

/* Begin XCConfigurationList section */
		00E357021AD99517003FC87E /* Build configuration list for PBXNativeTarget "TuniTests" */ = {
			isa = XCConfigurationList;
			buildConfigurations = (
				00E356F61AD99517003FC87E /* Debug */,
				00E356F71AD99517003FC87E /* Release */,
			);
			defaultConfigurationIsVisible = 0;
			defaultConfigurationName = Release;
		};
		13B07F931A680F5B00A75B9A /* Build configuration list for PBXNativeTarget "Tuni" */ = {
			isa = XCConfigurationList;
			buildConfigurations = (
				13B07F941A680F5B00A75B9A /* Debug */,
				13B07F951A680F5B00A75B9A /* Release */,
			);
			defaultConfigurationIsVisible = 0;
			defaultConfigurationName = Release;
		};
		83CBB9FA1A601CBA00E9B192 /* Build configuration list for PBXProject "Tuni" */ = {
			isa = XCConfigurationList;
			buildConfigurations = (
				83CBBA201A601CBA00E9B192 /* Debug */,
				83CBBA211A601CBA00E9B192 /* Release */,
			);
			defaultConfigurationIsVisible = 0;
			defaultConfigurationName = Release;
		};
/* End XCConfigurationList section */
	};
	rootObject = 83CBB9F71A601CBA00E9B192 /* Project object */;
}
